PODS:
<<<<<<< HEAD
  - Flutter (1.0.0)
  - image_gallery_saver_plus (0.0.1):
    - Flutter

DEPENDENCIES:
  - Flutter (from `Flutter`)
  - image_gallery_saver_plus (from `.symlinks/plugins/image_gallery_saver_plus/ios`)

EXTERNAL SOURCES:
=======
  - file_selector_ios (0.0.1):
    - Flutter
  - Flutter (1.0.0)
  - image_gallery_saver_plus (0.0.1):
    - Flutter
  - rive_native (0.0.1):
    - Flutter

DEPENDENCIES:
  - file_selector_ios (from `.symlinks/plugins/file_selector_ios/ios`)
  - Flutter (from `Flutter`)
  - image_gallery_saver_plus (from `.symlinks/plugins/image_gallery_saver_plus/ios`)
  - rive_native (from `.symlinks/plugins/rive_native/ios`)

EXTERNAL SOURCES:
  file_selector_ios:
    :path: ".symlinks/plugins/file_selector_ios/ios"
>>>>>>> main
  Flutter:
    :path: Flutter
  image_gallery_saver_plus:
    :path: ".symlinks/plugins/image_gallery_saver_plus/ios"
<<<<<<< HEAD

SPEC CHECKSUMS:
  Flutter: cabc95a1d2626b1b06e7179b784ebcf0c0cde467
  image_gallery_saver_plus: 782ade975fe6a4600b53e7c1983e3a2979d1e9e5
=======
  rive_native:
    :path: ".symlinks/plugins/rive_native/ios"

SPEC CHECKSUMS:
  file_selector_ios: ec57ec07954363dd730b642e765e58f199bb621a
  Flutter: cabc95a1d2626b1b06e7179b784ebcf0c0cde467
  image_gallery_saver_plus: e597bf65a7846979417a3eae0763b71b6dfec6c3
  rive_native: c8fbe631855835dc84f7d59befcdb43de3ac48d4
>>>>>>> main

PODFILE CHECKSUM: 3c63482e143d1b91d2d2560aee9fb04ecc74ac7e

COCOAPODS: 1.16.2
